
Microsoft Visual Studio Solution File, Format Version 12.00
# Visual Studio 15
Project("{FAE04EC0-301F-11D3-BF4B-00C04F79EFBC}") = "UnityEngine.UI", "UnityEngine.UI.csproj", "{473DD9D1-C0DC-F346-E9A9-49F20478A6B7}"
EndProject
Project("{FAE04EC0-301F-11D3-BF4B-00C04F79EFBC}") = "Assembly-CSharp", "Assembly-CSharp.csproj", "{C38C7B2F-E94B-F756-B817-95C758DAD848}"
EndProject
Project("{FAE04EC0-301F-11D3-BF4B-00C04F79EFBC}") = "UnityEditor.UI", "UnityEditor.UI.csproj", "{1BDCE94C-401F-0FC6-78E4-C7AC863766C3}"
EndProject
Global
	GlobalSection(SolutionConfigurationPlatforms) = preSolution
		Debug|Any CPU = Debug|Any CPU
		Release|Any CPU = Release|Any CPU
	EndGlobalSection
	GlobalSection(ProjectConfigurationPlatforms) = postSolution
		{473DD9D1-C0DC-F346-E9A9-49F20478A6B7}.Debug|Any CPU.ActiveCfg = Debug|Any CPU
		{473DD9D1-C0DC-F346-E9A9-49F20478A6B7}.Debug|Any CPU.Build.0 = Debug|Any CPU
		{473DD9D1-C0DC-F346-E9A9-49F20478A6B7}.Release|Any CPU.ActiveCfg = Release|Any CPU
		{473DD9D1-C0DC-F346-E9A9-49F20478A6B7}.Release|Any CPU.Build.0 = Release|Any CPU
		{C38C7B2F-E94B-F756-B817-95C758DAD848}.Debug|Any CPU.ActiveCfg = Debug|Any CPU
		{C38C7B2F-E94B-F756-B817-95C758DAD848}.Debug|Any CPU.Build.0 = Debug|Any CPU
		{C38C7B2F-E94B-F756-B817-95C758DAD848}.Release|Any CPU.ActiveCfg = Release|Any CPU
		{C38C7B2F-E94B-F756-B817-95C758DAD848}.Release|Any CPU.Build.0 = Release|Any CPU
		{1BDCE94C-401F-0FC6-78E4-C7AC863766C3}.Debug|Any CPU.ActiveCfg = Debug|Any CPU
		{1BDCE94C-401F-0FC6-78E4-C7AC863766C3}.Debug|Any CPU.Build.0 = Debug|Any CPU
		{1BDCE94C-401F-0FC6-78E4-C7AC863766C3}.Release|Any CPU.ActiveCfg = Release|Any CPU
		{1BDCE94C-401F-0FC6-78E4-C7AC863766C3}.Release|Any CPU.Build.0 = Release|Any CPU
	EndGlobalSection
	GlobalSection(SolutionProperties) = preSolution
		HideSolutionNode = FALSE
	EndGlobalSection
EndGlobal
